// !$*UTF8*$!
{
	archiveVersion = 1;
	classes = {
	};
	objectVersion = 77;
	objects = {

/* Begin PBXContainerItemProxy section */
		D9F642BC2E4CAC1A003DF62D /* PBXContainerItemProxy */ = {
			isa = PBXContainerItemProxy;
			containerPortal = D9F642A62E4CAC19003DF62D /* Project object */;
			proxyType = 1;
			remoteGlobalIDString = D9F642AD2E4CAC19003DF62D;
			remoteInfo = O2_Assignment;
		};
		D9F642C62E4CAC1A003DF62D /* PBXContainerItemProxy */ = {
			isa = PBXContainerItemProxy;
			containerPortal = D9F642A62E4CAC19003DF62D /* Project object */;
			proxyType = 1;
			remoteGlobalIDString = D9F642AD2E4CAC19003DF62D;
			remoteInfo = O2_Assignment;
		};
/* End PBXContainerItemProxy section */

/* Begin PBXFileReference section */
		D9F642AE2E4CAC19003DF62D /* O2_Assignment.app */ = {isa = PBXFileReference; explicitFileType = wrapper.application; includeInIndex = 0; path = O2_Assignment.app; sourceTree = BUILT_PRODUCTS_DIR; };
		D9F642BB2E4CAC1A003DF62D /* O2_AssignmentTests.xctest */ = {isa = PBXFileReference; explicitFileType = wrapper.cfbundle; includeInIndex = 0; path = O2_AssignmentTests.xctest; sourceTree = BUILT_PRODUCTS_DIR; };
		D9F642C52E4CAC1A003DF62D /* O2_AssignmentUITests.xctest */ = {isa = PBXFileReference; explicitFileType = wrapper.cfbundle; includeInIndex = 0; path = O2_AssignmentUITests.xctest; sourceTree = BUILT_PRODUCTS_DIR; };
/* End PBXFileReference section */

/* Begin PBXFileSystemSynchronizedRootGroup section */
		D9F642B02E4CAC19003DF62D /* O2_Assignment */ = {
			isa = PBXFileSystemSynchronizedRootGroup;
			path = O2_Assignment;
			sourceTree = "<group>";
		};
		D9F642BE2E4CAC1A003DF62D /* O2_AssignmentTests */ = {
			isa = PBXFileSystemSynchronizedRootGroup;
			path = O2_AssignmentTests;
			sourceTree = "<group>";
		};
		D9F642C82E4CAC1A003DF62D /* O2_AssignmentUITests */ = {
			isa = PBXFileSystemSynchronizedRootGroup;
			path = O2_AssignmentUITests;
			sourceTree = "<group>";
		};
/* End PBXFileSystemSynchronizedRootGroup section */

/* Begin PBXFrameworksBuildPhase section */
		D9F642AB2E4CAC19003DF62D /* Frameworks */ = {
			isa = PBXFrameworksBuildPhase;
			buildActionMask = 2147483647;
			files = (
			);
			runOnlyForDeploymentPostprocessing = 0;
		};
		D9F642B82E4CAC1A003DF62D /* Frameworks */ = {
			isa = PBXFrameworksBuildPhase;
			buildActionMask = 2147483647;
			files = (
			);
			runOnlyForDeploymentPostprocessing = 0;
		};
		D9F642C22E4CAC1A003DF62D /* Frameworks */ = {
			isa = PBXFrameworksBuildPhase;
			buildActionMask = 2147483647;
			files = (
			);
			runOnlyForDeploymentPostprocessing = 0;
		};
/* End PBXFrameworksBuildPhase section */

/* Begin PBXGroup section */
		D9F642A52E4CAC19003DF62D = {
			isa = PBXGroup;
			children = (
				D9F642B02E4CAC19003DF62D /* O2_Assignment */,
				D9F642BE2E4CAC1A003DF62D /* O2_AssignmentTests */,
				D9F642C82E4CAC1A003DF62D /* O2_AssignmentUITests */,
				D9F642AF2E4CAC19003DF62D /* Products */,
			);
			sourceTree = "<group>";
		};
		D9F642AF2E4CAC19003DF62D /* Products */ = {
			isa = PBXGroup;
			children = (
				D9F642AE2E4CAC19003DF62D /* O2_Assignment.app */,
				D9F642BB2E4CAC1A003DF62D /* O2_AssignmentTests.xctest */,
				D9F642C52E4CAC1A003DF62D /* O2_AssignmentUITests.xctest */,
			);
			name = Products;
			sourceTree = "<group>";
		};
/* End PBXGroup section */

/* Begin PBXNativeTarget section */
		D9F642AD2E4CAC19003DF62D /* O2_Assignment */ = {
			isa = PBXNativeTarget;
			buildConfigurationList = D9F642CF2E4CAC1A003DF62D /* Build configuration list for PBXNativeTarget "O2_Assignment" */;
			buildPhases = (
				D9F642AA2E4CAC19003DF62D /* Sources */,
				D9F642AB2E4CAC19003DF62D /* Frameworks */,
				D9F642AC2E4CAC19003DF62D /* Resources */,
			);
			buildRules = (
			);
			dependencies = (
			);
			fileSystemSynchronizedGroups = (
				D9F642B02E4CAC19003DF62D /* O2_Assignment */,
			);
			name = O2_Assignment;
			packageProductDependencies = (
			);
			productName = O2_Assignment;
			productReference = D9F642AE2E4CAC19003DF62D /* O2_Assignment.app */;
			productType = "com.apple.product-type.application";
		};
		D9F642BA2E4CAC1A003DF62D /* O2_AssignmentTests */ = {
			isa = PBXNativeTarget;
			buildConfigurationList = D9F642D22E4CAC1A003DF62D /* Build configuration list for PBXNativeTarget "O2_AssignmentTests" */;
			buildPhases = (
				D9F642B72E4CAC1A003DF62D /* Sources */,
				D9F642B82E4CAC1A003DF62D /* Frameworks */,
				D9F642B92E4CAC1A003DF62D /* Resources */,
			);
			buildRules = (
			);
			dependencies = (
				D9F642BD2E4CAC1A003DF62D /* PBXTargetDependency */,
			);
			fileSystemSynchronizedGroups = (
				D9F642BE2E4CAC1A003DF62D /* O2_AssignmentTests */,
			);
			name = O2_AssignmentTests;
			packageProductDependencies = (
			);
			productName = O2_AssignmentTests;
			productReference = D9F642BB2E4CAC1A003DF62D /* O2_AssignmentTests.xctest */;
			productType = "com.apple.product-type.bundle.unit-test";
		};
		D9F642C42E4CAC1A003DF62D /* O2_AssignmentUITests */ = {
			isa = PBXNativeTarget;
			buildConfigurationList = D9F642D52E4CAC1A003DF62D /* Build configuration list for PBXNativeTarget "O2_AssignmentUITests" */;
			buildPhases = (
				D9F642C12E4CAC1A003DF62D /* Sources */,
				D9F642C22E4CAC1A003DF62D /* Frameworks */,
				D9F642C32E4CAC1A003DF62D /* Resources */,
			);
			buildRules = (
			);
			dependencies = (
				D9F642C72E4CAC1A003DF62D /* PBXTargetDependency */,
			);
			fileSystemSynchronizedGroups = (
				D9F642C82E4CAC1A003DF62D /* O2_AssignmentUITests */,
			);
			name = O2_AssignmentUITests;
			packageProductDependencies = (
			);
			productName = O2_AssignmentUITests;
			productReference = D9F642C52E4CAC1A003DF62D /* O2_AssignmentUITests.xctest */;
			productType = "com.apple.product-type.bundle.ui-testing";
		};
/* End PBXNativeTarget section */

/* Begin PBXProject section */
		D9F642A62E4CAC19003DF62D /* Project object */ = {
			isa = PBXProject;
			attributes = {
				BuildIndependentTargetsInParallel = 1;
				LastSwiftUpdateCheck = 1640;
				LastUpgradeCheck = 1640;
				TargetAttributes = {
					D9F642AD2E4CAC19003DF62D = {
						CreatedOnToolsVersion = 16.4;
					};
					D9F642BA2E4CAC1A003DF62D = {
						CreatedOnToolsVersion = 16.4;
						TestTargetID = D9F642AD2E4CAC19003DF62D;
					};
					D9F642C42E4CAC1A003DF62D = {
						CreatedOnToolsVersion = 16.4;
						TestTargetID = D9F642AD2E4CAC19003DF62D;
					};
				};
			};
			buildConfigurationList = D9F642A92E4CAC19003DF62D /* Build configuration list for PBXProject "O2_Assignment" */;
			developmentRegion = en;
			hasScannedForEncodings = 0;
			knownRegions = (
				en,
				Base,
			);
			mainGroup = D9F642A52E4CAC19003DF62D;
			minimizedProjectReferenceProxies = 1;
			preferredProjectObjectVersion = 77;
			productRefGroup = D9F642AF2E4CAC19003DF62D /* Products */;
			projectDirPath = "";
			projectRoot = "";
			targets = (
				D9F642AD2E4CAC19003DF62D /* O2_Assignment */,
				D9F642BA2E4CAC1A003DF62D /* O2_AssignmentTests */,
				D9F642C42E4CAC1A003DF62D /* O2_AssignmentUITests */,
			);
		};
/* End PBXProject section */

/* Begin PBXResourcesBuildPhase section */
		D9F642AC2E4CAC19003DF62D /* Resources */ = {
			isa = PBXResourcesBuildPhase;
			buildActionMask = 2147483647;
			files = (
			);
			runOnlyForDeploymentPostprocessing = 0;
		};
		D9F642B92E4CAC1A003DF62D /* Resources */ = {
			isa = PBXResourcesBuildPhase;
			buildActionMask = 2147483647;
			files = (
			);
			runOnlyForDeploymentPostprocessing = 0;
		};
		D9F642C32E4CAC1A003DF62D /* Resources */ = {
			isa = PBXResourcesBuildPhase;
			buildActionMask = 2147483647;
			files = (
			);
			runOnlyForDeploymentPostprocessing = 0;
		};
/* End PBXResourcesBuildPhase section */

/* Begin PBXSourcesBuildPhase section */
		D9F642AA2E4CAC19003DF62D /* Sources */ = {
			isa = PBXSourcesBuildPhase;
			buildActionMask = 2147483647;
			files = (
			);
			runOnlyForDeploymentPostprocessing = 0;
		};
		D9F642B72E4CAC1A003DF62D /* Sources */ = {
			isa = PBXSourcesBuildPhase;
			buildActionMask = 2147483647;
			files = (
			);
			runOnlyForDeploymentPostprocessing = 0;
		};
		D9F642C12E4CAC1A003DF62D /* Sources */ = {
			isa = PBXSourcesBuildPhase;
			buildActionMask = 2147483647;
			files = (
			);
			runOnlyForDeploymentPostprocessing = 0;
		};
/* End PBXSourcesBuildPhase section */

/* Begin PBXTargetDependency section */
		D9F642BD2E4CAC1A003DF62D /* PBXTargetDependency */ = {
			isa = PBXTargetDependency;
			target = D9F642AD2E4CAC19003DF62D /* O2_Assignment */;
			targetProxy = D9F642BC2E4CAC1A003DF62D /* PBXContainerItemProxy */;
		};
		D9F642C72E4CAC1A003DF62D /* PBXTargetDependency */ = {
			isa = PBXTargetDependency;
			target = D9F642AD2E4CAC19003DF62D /* O2_Assignment */;
			targetProxy = D9F642C62E4CAC1A003DF62D /* PBXContainerItemProxy */;
		};
/* End PBXTargetDependency section */

/* Begin XCBuildConfiguration section */
		D9F642CD2E4CAC1A003DF62D /* Debug */ = {
			isa = XCBuildConfiguration;
			buildSettings = {
				ALWAYS_SEARCH_USER_PATHS = NO;
				ASSETCATALOG_COMPILER_GENERATE_SWIFT_ASSET_SYMBOL_EXTENSIONS = YES;
				CLANG_ANALYZER_NONNULL = YES;
				CLANG_ANALYZER_NUMBER_OBJECT_CONVERSION = YES_AGGRESSIVE;
				CLANG_CXX_LANGUAGE_STANDARD = "gnu++20";
				CLANG_ENABLE_MODULES = YES;
				CLANG_ENABLE_OBJC_ARC = YES;
				CLANG_ENABLE_OBJC_WEAK = YES;
				CLANG_WARN_BLOCK_CAPTURE_AUTORELEASING = YES;
				CLANG_WARN_BOOL_CONVERSION = YES;
				CLANG_WARN_COMMA = YES;
				CLANG_WARN_CONSTANT_CONVERSION = YES;
				CLANG_WARN_DEPRECATED_OBJC_IMPLEMENTATIONS = YES;
				CLANG_WARN_DIRECT_OBJC_ISA_USAGE = YES_ERROR;
				CLANG_WARN_DOCUMENTATION_COMMENTS = YES;
				CLANG_WARN_EMPTY_BODY = YES;
				CLANG_WARN_ENUM_CONVERSION = YES;
				CLANG_WARN_INFINITE_RECURSION = YES;
				CLANG_WARN_INT_CONVERSION = YES;
				CLANG_WARN_NON_LITERAL_NULL_CONVERSION = YES;
				CLANG_WARN_OBJC_IMPLICIT_RETAIN_SELF = YES;
				CLANG_WARN_OBJC_LITERAL_CONVERSION = YES;
				CLANG_WARN_OBJC_ROOT_CLASS = YES_ERROR;
				CLANG_WARN_QUOTED_INCLUDE_IN_FRAMEWORK_HEADER = YES;
				CLANG_WARN_RANGE_LOOP_ANALYSIS = YES;
				CLANG_WARN_STRICT_PROTOTYPES = YES;
				CLANG_WARN_SUSPICIOUS_MOVE = YES;
				CLANG_WARN_UNGUARDED_AVAILABILITY = YES_AGGRESSIVE;
				CLANG_WARN_UNREACHABLE_CODE = YES;
				CLANG_WARN__DUPLICATE_METHOD_MATCH = YES;
				COPY_PHASE_STRIP = NO;
				DEBUG_INFORMATION_FORMAT = dwarf;
				ENABLE_STRICT_OBJC_MSGSEND = YES;
				ENABLE_TESTABILITY = YES;
				ENABLE_USER_SCRIPT_SANDBOXING = YES;
				GCC_C_LANGUAGE_STANDARD = gnu17;
				GCC_DYNAMIC_NO_PIC = NO;
				GCC_NO_COMMON_BLOCKS = YES;
				GCC_OPTIMIZATION_LEVEL = 0;
				GCC_PREPROCESSOR_DEFINITIONS = (
					"DEBUG=1",
					"$(inherited)",
				);
				GCC_WARN_64_TO_32_BIT_CONVERSION = YES;
				GCC_WARN_ABOUT_RETURN_TYPE = YES_ERROR;
				GCC_WARN_UNDECLARED_SELECTOR = YES;
				GCC_WARN_UNINITIALIZED_AUTOS = YES_AGGRESSIVE;
				GCC_WARN_UNUSED_FUNCTION = YES;
				GCC_WARN_UNUSED_VARIABLE = YES;
				IPHONEOS_DEPLOYMENT_TARGET = 18.5;
				LOCALIZATION_PREFERS_STRING_CATALOGS = YES;
				MTL_ENABLE_DEBUG_INFO = INCLUDE_SOURCE;
				MTL_FAST_MATH = YES;
				ONLY_ACTIVE_ARCH = YES;
				SDKROOT = iphoneos;
				SWIFT_ACTIVE_COMPILATION_CONDITIONS = "DEBUG $(inherited)";
				SWIFT_OPTIMIZATION_LEVEL = "-Onone";
			};
			name = Debug;
		};
		D9F642CE2E4CAC1A003DF62D /* Release */ = {
			isa = XCBuildConfiguration;
			buildSettings = {
				ALWAYS_SEARCH_USER_PATHS = NO;
				ASSETCATALOG_COMPILER_GENERATE_SWIFT_ASSET_SYMBOL_EXTENSIONS = YES;
				CLANG_ANALYZER_NONNULL = YES;
				CLANG_ANALYZER_NUMBER_OBJECT_CONVERSION = YES_AGGRESSIVE;
				CLANG_CXX_LANGUAGE_STANDARD = "gnu++20";
				CLANG_ENABLE_MODULES = YES;
				CLANG_ENABLE_OBJC_ARC = YES;
				CLANG_ENABLE_OBJC_WEAK = YES;
				CLANG_WARN_BLOCK_CAPTURE_AUTORELEASING = YES;
				CLANG_WARN_BOOL_CONVERSION = YES;
				CLANG_WARN_COMMA = YES;
				CLANG_WARN_CONSTANT_CONVERSION = YES;
				CLANG_WARN_DEPRECATED_OBJC_IMPLEMENTATIONS = YES;
				CLANG_WARN_DIRECT_OBJC_ISA_USAGE = YES_ERROR;
				CLANG_WARN_DOCUMENTATION_COMMENTS = YES;
				CLANG_WARN_EMPTY_BODY = YES;
				CLANG_WARN_ENUM_CONVERSION = YES;
				CLANG_WARN_INFINITE_RECURSION = YES;
				CLANG_WARN_INT_CONVERSION = YES;
				CLANG_WARN_NON_LITERAL_NULL_CONVERSION = YES;
				CLANG_WARN_OBJC_IMPLICIT_RETAIN_SELF = YES;
				CLANG_WARN_OBJC_LITERAL_CONVERSION = YES;
				CLANG_WARN_OBJC_ROOT_CLASS = YES_ERROR;
				CLANG_WARN_QUOTED_INCLUDE_IN_FRAMEWORK_HEADER = YES;
				CLANG_WARN_RANGE_LOOP_ANALYSIS = YES;
				CLANG_WARN_STRICT_PROTOTYPES = YES;
				CLANG_WARN_SUSPICIOUS_MOVE = YES;
				CLANG_WARN_UNGUARDED_AVAILABILITY = YES_AGGRESSIVE;
				CLANG_WARN_UNREACHABLE_CODE = YES;
				CLANG_WARN__DUPLICATE_METHOD_MATCH = YES;
				COPY_PHASE_STRIP = NO;
				DEBUG_INFORMATION_FORMAT = "dwarf-with-dsym";
				ENABLE_NS_ASSERTIONS = NO;
				ENABLE_STRICT_OBJC_MSGSEND = YES;
				ENABLE_USER_SCRIPT_SANDBOXING = YES;
				GCC_C_LANGUAGE_STANDARD = gnu17;
				GCC_NO_COMMON_BLOCKS = YES;
				GCC_WARN_64_TO_32_BIT_CONVERSION = YES;
				GCC_WARN_ABOUT_RETURN_TYPE = YES_ERROR;
				GCC_WARN_UNDECLARED_SELECTOR = YES;
				GCC_WARN_UNINITIALIZED_AUTOS = YES_AGGRESSIVE;
				GCC_WARN_UNUSED_FUNCTION = YES;
				GCC_WARN_UNUSED_VARIABLE = YES;
				IPHONEOS_DEPLOYMENT_TARGET = 18.5;
				LOCALIZATION_PREFERS_STRING_CATALOGS = YES;
				MTL_ENABLE_DEBUG_INFO = NO;
				MTL_FAST_MATH = YES;
				SDKROOT = iphoneos;
				SWIFT_COMPILATION_MODE = wholemodule;
				VALIDATE_PRODUCT = YES;
			};
			name = Release;
		};
		D9F642D02E4CAC1A003DF62D /* Debug */ = {
			isa = XCBuildConfiguration;
			buildSettings = {
				ASSETCATALOG_COMPILER_APPICON_NAME = AppIcon;
				ASSETCATALOG_COMPILER_GLOBAL_ACCENT_COLOR_NAME = AccentColor;
				CODE_SIGN_STYLE = Automatic;
				CURRENT_PROJECT_VERSION = 1;
				ENABLE_PREVIEWS = YES;
				GENERATE_INFOPLIST_FILE = YES;
				INFOPLIST_KEY_UIApplicationSceneManifest_Generation = YES;
				INFOPLIST_KEY_UIApplicationSupportsIndirectInputEvents = YES;
				INFOPLIST_KEY_UILaunchScreen_Generation = YES;
				INFOPLIST_KEY_UISupportedInterfaceOrientations_iPad = "UIInterfaceOrientationPortrait UIInterfaceOrientationPortraitUpsideDown UIInterfaceOrientationLandscapeLeft UIInterfaceOrientationLandscapeRight";
				INFOPLIST_KEY_UISupportedInterfaceOrientations_iPhone = "UIInterfaceOrientationPortrait UIInterfaceOrientationLandscapeLeft UIInterfaceOrientationLandscapeRight";
				LD_RUNPATH_SEARCH_PATHS = (
					"$(inherited)",
					"@executable_path/Frameworks",
				);
				MARKETING_VERSION = 1.0;
				PRODUCT_BUNDLE_IDENTIFIER = "sk.connection.O2-Assignment";
				PRODUCT_NAME = "$(TARGET_NAME)";
				SWIFT_EMIT_LOC_STRINGS = YES;
				SWIFT_VERSION = 5.0;
				TARGETED_DEVICE_FAMILY = "1,2";
			};
			name = Debug;
		};
		D9F642D12E4CAC1A003DF62D /* Release */ = {
			isa = XCBuildConfiguration;
			buildSettings = {
				ASSETCATALOG_COMPILER_APPICON_NAME = AppIcon;
				ASSETCATALOG_COMPILER_GLOBAL_ACCENT_COLOR_NAME = AccentColor;
				CODE_SIGN_STYLE = Automatic;
				CURRENT_PROJECT_VERSION = 1;
				ENABLE_PREVIEWS = YES;
				GENERATE_INFOPLIST_FILE = YES;
				INFOPLIST_KEY_UIApplicationSceneManifest_Generation = YES;
				INFOPLIST_KEY_UIApplicationSupportsIndirectInputEvents = YES;
				INFOPLIST_KEY_UILaunchScreen_Generation = YES;
				INFOPLIST_KEY_UISupportedInterfaceOrientations_iPad = "UIInterfaceOrientationPortrait UIInterfaceOrientationPortraitUpsideDown UIInterfaceOrientationLandscapeLeft UIInterfaceOrientationLandscapeRight";
				INFOPLIST_KEY_UISupportedInterfaceOrientations_iPhone = "UIInterfaceOrientationPortrait UIInterfaceOrientationLandscapeLeft UIInterfaceOrientationLandscapeRight";
				LD_RUNPATH_SEARCH_PATHS = (
					"$(inherited)",
					"@executable_path/Frameworks",
				);
				MARKETING_VERSION = 1.0;
				PRODUCT_BUNDLE_IDENTIFIER = "sk.connection.O2-Assignment";
				PRODUCT_NAME = "$(TARGET_NAME)";
				SWIFT_EMIT_LOC_STRINGS = YES;
				SWIFT_VERSION = 5.0;
				TARGETED_DEVICE_FAMILY = "1,2";
			};
			name = Release;
		};
		D9F642D32E4CAC1A003DF62D /* Debug */ = {
			isa = XCBuildConfiguration;
			buildSettings = {
				BUNDLE_LOADER = "$(TEST_HOST)";
				CODE_SIGN_STYLE = Automatic;
				CURRENT_PROJECT_VERSION = 1;
				GENERATE_INFOPLIST_FILE = YES;
				IPHONEOS_DEPLOYMENT_TARGET = 18.5;
				MARKETING_VERSION = 1.0;
				PRODUCT_BUNDLE_IDENTIFIER = "sk.connection.O2-AssignmentTests";
				PRODUCT_NAME = "$(TARGET_NAME)";
				SWIFT_EMIT_LOC_STRINGS = NO;
				SWIFT_VERSION = 5.0;
				TARGETED_DEVICE_FAMILY = "1,2";
				TEST_HOST = "$(BUILT_PRODUCTS_DIR)/O2_Assignment.app/$(BUNDLE_EXECUTABLE_FOLDER_PATH)/O2_Assignment";
			};
			name = Debug;
		};
		D9F642D42E4CAC1A003DF62D /* Release */ = {
			isa = XCBuildConfiguration;
			buildSettings = {
				BUNDLE_LOADER = "$(TEST_HOST)";
				CODE_SIGN_STYLE = Automatic;
				CURRENT_PROJECT_VERSION = 1;
				GENERATE_INFOPLIST_FILE = YES;
				IPHONEOS_DEPLOYMENT_TARGET = 18.5;
				MARKETING_VERSION = 1.0;
				PRODUCT_BUNDLE_IDENTIFIER = "sk.connection.O2-AssignmentTests";
				PRODUCT_NAME = "$(TARGET_NAME)";
				SWIFT_EMIT_LOC_STRINGS = NO;
				SWIFT_VERSION = 5.0;
				TARGETED_DEVICE_FAMILY = "1,2";
				TEST_HOST = "$(BUILT_PRODUCTS_DIR)/O2_Assignment.app/$(BUNDLE_EXECUTABLE_FOLDER_PATH)/O2_Assignment";
			};
			name = Release;
		};
		D9F642D62E4CAC1A003DF62D /* Debug */ = {
			isa = XCBuildConfiguration;
			buildSettings = {
				CODE_SIGN_STYLE = Automatic;
				CURRENT_PROJECT_VERSION = 1;
				GENERATE_INFOPLIST_FILE = YES;
				MARKETING_VERSION = 1.0;
				PRODUCT_BUNDLE_IDENTIFIER = "sk.connection.O2-AssignmentUITests";
				PRODUCT_NAME = "$(TARGET_NAME)";
				SWIFT_EMIT_LOC_STRINGS = NO;
				SWIFT_VERSION = 5.0;
				TARGETED_DEVICE_FAMILY = "1,2";
				TEST_TARGET_NAME = O2_Assignment;
			};
			name = Debug;
		};
		D9F642D72E4CAC1A003DF62D /* Release */ = {
			isa = XCBuildConfiguration;
			buildSettings = {
				CODE_SIGN_STYLE = Automatic;
				CURRENT_PROJECT_VERSION = 1;
				GENERATE_INFOPLIST_FILE = YES;
				MARKETING_VERSION = 1.0;
				PRODUCT_BUNDLE_IDENTIFIER = "sk.connection.O2-AssignmentUITests";
				PRODUCT_NAME = "$(TARGET_NAME)";
				SWIFT_EMIT_LOC_STRINGS = NO;
				SWIFT_VERSION = 5.0;
				TARGETED_DEVICE_FAMILY = "1,2";
				TEST_TARGET_NAME = O2_Assignment;
			};
			name = Release;
		};
/* End XCBuildConfiguration section */

/* Begin XCConfigurationList section */
		D9F642A92E4CAC19003DF62D /* Build configuration list for PBXProject "O2_Assignment" */ = {
			isa = XCConfigurationList;
			buildConfigurations = (
				D9F642CD2E4CAC1A003DF62D /* Debug */,
				D9F642CE2E4CAC1A003DF62D /* Release */,
			);
			defaultConfigurationIsVisible = 0;
			defaultConfigurationName = Release;
		};
		D9F642CF2E4CAC1A003DF62D /* Build configuration list for PBXNativeTarget "O2_Assignment" */ = {
			isa = XCConfigurationList;
			buildConfigurations = (
				D9F642D02E4CAC1A003DF62D /* Debug */,
				D9F642D12E4CAC1A003DF62D /* Release */,
			);
			defaultConfigurationIsVisible = 0;
			defaultConfigurationName = Release;
		};
		D9F642D22E4CAC1A003DF62D /* Build configuration list for PBXNativeTarget "O2_AssignmentTests" */ = {
			isa = XCConfigurationList;
			buildConfigurations = (
				D9F642D32E4CAC1A003DF62D /* Debug */,
				D9F642D42E4CAC1A003DF62D /* Release */,
			);
			defaultConfigurationIsVisible = 0;
			defaultConfigurationName = Release;
		};
		D9F642D52E4CAC1A003DF62D /* Build configuration list for PBXNativeTarget "O2_AssignmentUITests" */ = {
			isa = XCConfigurationList;
			buildConfigurations = (
				D9F642D62E4CAC1A003DF62D /* Debug */,
				D9F642D72E4CAC1A003DF62D /* Release */,
			);
			defaultConfigurationIsVisible = 0;
			defaultConfigurationName = Release;
		};
/* End XCConfigurationList section */
	};
	rootObject = D9F642A62E4CAC19003DF62D /* Project object */;
}
